
Microsoft Visual Studio Solution File, Format Version 12.00
# Visual Studio Version 17
VisualStudioVersion = 17.14.36518.9
MinimumVisualStudioVersion = 10.0.40219.1
Project("{FAE04EC0-301F-11D3-BF4B-00C04F79EFBC}") = "linear_solver", "linear_solver\linear_solver.csproj", "{C57BBD3D-0301-40F5-BB6C-696E5092BB24}"
EndProject
Project("{2150E333-8FDC-42A3-9474-1A3956D46DE8}") = "Solution Items", "Solution Items", "{8EC462FD-D22E-90A8-E5CE-7E832BA40C5D}"
EndProject
Global
	GlobalSection(SolutionConfigurationPlatforms) = preSolution
		Debug|Any CPU = Debug|Any CPU
		Release|Any CPU = Release|Any CPU
	EndGlobalSection
	GlobalSection(ProjectConfigurationPlatforms) = postSolution
		{C57BBD3D-0301-40F5-BB6C-696E5092BB24}.Debug|Any CPU.ActiveCfg = Debug|Any CPU
		{C57BBD3D-0301-40F5-BB6C-696E5092BB24}.Debug|Any CPU.Build.0 = Debug|Any CPU
		{C57BBD3D-0301-40F5-BB6C-696E5092BB24}.Release|Any CPU.ActiveCfg = Release|Any CPU
		{C57BBD3D-0301-40F5-BB6C-696E5092BB24}.Release|Any CPU.Build.0 = Release|Any CPU
	EndGlobalSection
	GlobalSection(SolutionProperties) = preSolution
		HideSolutionNode = FALSE
	EndGlobalSection
	GlobalSection(ExtensibilityGlobals) = postSolution
		SolutionGuid = {482A8A30-955C-4A5A-8B50-366347887502}
	EndGlobalSection
EndGlobal
